
Microsoft Visual Studio Solution File, Format Version 12.00
# Visual Studio Version 16
VisualStudioVersion = 16.0.29324.140
MinimumVisualStudioVersion = 10.0.40219.1
Project("{2150E333-8FDC-42A3-9474-1A3956D46DE8}") = "Domain", "Domain", "{32B7AF3A-9B42-476B-82CB-EB1A55549440}"
EndProject
Project("{2150E333-8FDC-42A3-9474-1A3956D46DE8}") = "Infra.Bus", "Infra.Bus", "{036B5F18-B66F-4BCB-A0E0-FF5D338D0551}"
EndProject
Project("{2150E333-8FDC-42A3-9474-1A3956D46DE8}") = "Infra.IoC", "Infra.IoC", "{C13267F2-3F57-4653-9950-23CBE52FEB1B}"
EndProject
Project("{2150E333-8FDC-42A3-9474-1A3956D46DE8}") = "Presentation", "Presentation", "{45C14181-70E4-4DB0-8E4F-8C91347C727E}"
EndProject
Project("{2150E333-8FDC-42A3-9474-1A3956D46DE8}") = "Microservices", "Microservices", "{3675C30E-32EA-4891-86C7-E5B0F606A40B}"
EndProject
Project("{FAE04EC0-301F-11D3-BF4B-00C04F79EFBC}") = "MicroRabbit.Domain.Core", "MicroRabbit.Domain.Core\MicroRabbit.Domain.Core.csproj", "{3682632D-8374-4C1D-B53B-865D0FC1CA22}"
EndProject
Project("{FAE04EC0-301F-11D3-BF4B-00C04F79EFBC}") = "MicroRabbit.Infra.Bus", "MicroRabbit.Infra.Bus\MicroRabbit.Infra.Bus.csproj", "{2CFA2D77-5399-4301-84B7-90A3C2629633}"
EndProject
Global
	GlobalSection(SolutionConfigurationPlatforms) = preSolution
		Debug|Any CPU = Debug|Any CPU
		Release|Any CPU = Release|Any CPU
	EndGlobalSection
	GlobalSection(ProjectConfigurationPlatforms) = postSolution
		{3682632D-8374-4C1D-B53B-865D0FC1CA22}.Debug|Any CPU.ActiveCfg = Debug|Any CPU
		{3682632D-8374-4C1D-B53B-865D0FC1CA22}.Debug|Any CPU.Build.0 = Debug|Any CPU
		{3682632D-8374-4C1D-B53B-865D0FC1CA22}.Release|Any CPU.ActiveCfg = Release|Any CPU
		{3682632D-8374-4C1D-B53B-865D0FC1CA22}.Release|Any CPU.Build.0 = Release|Any CPU
		{2CFA2D77-5399-4301-84B7-90A3C2629633}.Debug|Any CPU.ActiveCfg = Debug|Any CPU
		{2CFA2D77-5399-4301-84B7-90A3C2629633}.Debug|Any CPU.Build.0 = Debug|Any CPU
		{2CFA2D77-5399-4301-84B7-90A3C2629633}.Release|Any CPU.ActiveCfg = Release|Any CPU
		{2CFA2D77-5399-4301-84B7-90A3C2629633}.Release|Any CPU.Build.0 = Release|Any CPU
	EndGlobalSection
	GlobalSection(SolutionProperties) = preSolution
		HideSolutionNode = FALSE
	EndGlobalSection
	GlobalSection(NestedProjects) = preSolution
		{3682632D-8374-4C1D-B53B-865D0FC1CA22} = {32B7AF3A-9B42-476B-82CB-EB1A55549440}
		{2CFA2D77-5399-4301-84B7-90A3C2629633} = {036B5F18-B66F-4BCB-A0E0-FF5D338D0551}
	EndGlobalSection
	GlobalSection(ExtensibilityGlobals) = postSolution
		SolutionGuid = {B46907ED-DE40-4DDD-93E9-4902A9904D94}
	EndGlobalSection
EndGlobal
